<?xml version="1.0" encoding="utf-8"?>
<Project ToolsVersion="4.0" xmlns="http://schemas.microsoft.com/developer/msbuild/2003">
  <ItemGroup>
    <Inf Include="Irritate.inf" />
  </ItemGroup>
  <ItemGroup>
    <Filter Include="Src">
      <UniqueIdentifier>{ea37b06a-aafa-49ac-b4ac-c7dc4d084d3c}</UniqueIdentifier>
      <Extensions>h;hpp;c;cc;cpp;inl;asm</Extensions>
    </Filter>
  </ItemGroup>
  <ItemGroup>
    <ClCompile Include="main.cpp">
      <Filter>Src</Filter>
    </ClCompile>
    <ClCompile Include="stdafx.cpp">
      <Filter>Src</Filter>
    </ClCompile>
    <ClCompile Include="ProcessorExecute.cpp">
      <Filter>Src</Filter>
    </ClCompile>
  </ItemGroup>
  <ItemGroup>
    <ClInclude Include="stdafx.h">
      <Filter>Src</Filter>
    </ClInclude>
    <ClInclude Include="WPPTrace.h">
      <Filter>Src</Filter>
    </ClInclude>
    <ClInclude Include="ProcessorExecute.h">
      <Filter>Src</Filter>
    </ClInclude>
  </ItemGroup>
</Project>